{
  "name": "brittanys-garden",
  "version": "1.0.0",
  "lockfileVersion": 3,
  "requires": true,
  "packages": {
    "": {
      "name": "brittanys-garden",
      "version": "1.0.0",
      "dependencies": {
        "ai": "^6.0.229",
        "zod": "^4.4.3"
      },
      "devDependencies": {
        "@zxing/browser": "0.2.1"
      },
      "engines": {
        "node": "24.x"
      }
    },
    "node_modules/@ai-sdk/gateway": {
      "version": "3.0.152",
      "resolved": "https://registry.npmjs.org/@ai-sdk/gateway/-/gateway-3.0.152.tgz",
      "integrity": "sha512-IM9D6if0CXsNkiyyIqoaD3/80gZVpCI3/tKpsq1N+vNa2O1ZeUfJmaUcIr92qqPO1G8u5YHah+0EayhIkk3ACA==",
      "license": "Apache-2.0",
      "dependencies": {
        "@ai-sdk/provider": "3.0.14",
        "@ai-sdk/provider-utils": "4.0.39",
        "@vercel/oidc": "3.2.0"
      },
      "engines": {
        "node": ">=18"
      },
      "peerDependencies": {
        "zod": "^3.25.76 || ^4.1.8"
      }
    },
    "node_modules/@ai-sdk/provider": {
      "version": "3.0.14",
      "resolved": "https://registry.npmjs.org/@ai-sdk/provider/-/provider-3.0.14.tgz",
      "integrity": "sha512-5X1k57JBJ4H7H1QjX7CnJYAB1I19r/trVZTMcSms7/kLNZ8RaU4Nt2agcwZzv82Hfx6Q7/TOLU7agAKeFfc8cA==",
      "license": "Apache-2.0",
      "dependencies": {
        "json-schema": "^0.4.0"
      },
      "engines": {
        "node": ">=18"
      }
    },
    "node_modules/@ai-sdk/provider-utils": {
      "version": "4.0.39",
      "resolved": "https://registry.npmjs.org/@ai-sdk/provider-utils/-/provider-utils-4.0.39.tgz",
      "integrity": "sha512-XPR6o7561RYUkfYlLYouWsvm6Gv2tYIQy5pttGRkvML98u138ClPThn5yiQg5rMQutTtZLB+GUC8qFFCzDKQQQ==",
      "license": "Apache-2.0",
      "dependencies": {
        "@ai-sdk/provider": "3.0.14",
        "@standard-schema/spec": "^1.1.0",
        "eventsource-parser": "^3.0.8"
      },
      "engines": {
        "node": ">=18"
      },
      "peerDependencies": {
        "zod": "^3.25.76 || ^4.1.8"
      }
    },
    "node_modules/@opentelemetry/api": {
      "version": "1.9.1",
      "resolved": "https://registry.npmjs.org/@opentelemetry/api/-/api-1.9.1.tgz",
      "integrity": "sha512-gLyJlPHPZYdAk1JENA9LeHejZe1Ti77/pTeFm/nMXmQH/HFZlcS/O2XJB+L8fkbrNSqhdtlvjBVjxwUYanNH5Q==",
      "license": "Apache-2.0",
      "engines": {
        "node": ">=8.0.0"
      }
    },
    "node_modules/@standard-schema/spec": {
      "version": "1.1.0",
      "resolved": "https://registry.npmjs.org/@standard-schema/spec/-/spec-1.1.0.tgz",
      "integrity": "sha512-l2aFy5jALhniG5HgqrD6jXLi/rUWrKvqN/qJx6yoJsgKhblVd+iqqU4RCXavm/jPityDo5TCvKMnpjKnOriy0w==",
      "license": "MIT"
    },
    "node_modules/@vercel/oidc": {
      "version": "3.2.0",
      "resolved": "https://registry.npmjs.org/@vercel/oidc/-/oidc-3.2.0.tgz",
      "integrity": "sha512-UycprH3T6n3jH0k44NHMa7pnFHGu/N05MjojYr+Mc6I7obkoLIJujSWwin1pCvdy/eOxrI/l3uDLQsmcrOb4ug==",
      "license": "Apache-2.0",
      "engines": {
        "node": ">= 20"
      }
    },
    "node_modules/@zxing/browser": {
      "version": "0.2.1",
      "resolved": "https://registry.npmjs.org/@zxing/browser/-/browser-0.2.1.tgz",
      "integrity": "sha512-92pVfVDUXbc15xu9vIEmhNyqIEASMEkDF92CwT6T+7sg2EHXJRktH9CQKoQSXe51UtbNsj+Fm09H/JBWHMs/Sw==",
      "dev": true,
      "license": "MIT",
      "optionalDependencies": {
        "@zxing/text-encoding": "^0.9.0"
      },
      "peerDependencies": {
        "@zxing/library": "^0.23.0"
      }
    },
    "node_modules/@zxing/library": {
      "version": "0.23.0",
      "resolved": "https://registry.npmjs.org/@zxing/library/-/library-0.23.0.tgz",
      "integrity": "sha512-6fkkoFwP8CHxl6ugnPsj74PLJgX2iRv5zczGAyt5OBzQgxFhuhF0NCEc4t4OvSr8xAv2MRLlI0Iu9ZGDZQ2urA==",
      "dev": true,
      "license": "Apache-2.0",
      "peer": true,
      "dependencies": {
        "ts-custom-error": "^3.3.1"
      },
      "engines": {
        "node": ">= 24.0.0"
      },
      "optionalDependencies": {
        "@zxing/text-encoding": "~0.9.0"
      }
    },
    "node_modules/@zxing/text-encoding": {
      "version": "0.9.0",
      "resolved": "https://registry.npmjs.org/@zxing/text-encoding/-/text-encoding-0.9.0.tgz",
      "integrity": "sha512-U/4aVJ2mxI0aDNI8Uq0wEhMgY+u4CNtEb0om3+y3+niDAsoTCOB33UF0sxpzqzdqXLqmvc+vZyAt4O8pPdfkwA==",
      "dev": true,
      "license": "(Unlicense OR Apache-2.0)",
      "optional": true
    },
    "node_modules/ai": {
      "version": "6.0.229",
      "resolved": "https://registry.npmjs.org/ai/-/ai-6.0.229.tgz",
      "integrity": "sha512-bDi36L2RdEFMS7z2WIhBr7fpQhMkjzd6mgRKgtlmBSs2zZwUI22s6ZBOak/XN/LpKiJnS7SrlVqKDcqqvzTW8A==",
      "license": "Apache-2.0",
      "dependencies": {
        "@ai-sdk/gateway": "3.0.152",
        "@ai-sdk/provider": "3.0.14",
        "@ai-sdk/provider-utils": "4.0.39",
        "@opentelemetry/api": "^1.9.0"
      },
      "engines": {
        "node": ">=18"
      },
      "peerDependencies": {
        "zod": "^3.25.76 || ^4.1.8"
      }
    },
    "node_modules/eventsource-parser": {
      "version": "3.1.0",
      "resolved": "https://registry.npmjs.org/eventsource-parser/-/eventsource-parser-3.1.0.tgz",
      "integrity": "sha512-kJezFj9YFAMLeORyi7aCLxLbD5/qWMQnoMVlVPyHIll7lgRJCc3JVln9Vgl9nwQi0YkMnhdGTMNn7CkRRAptMg==",
      "license": "MIT",
      "engines": {
        "node": ">=18.0.0"
      }
    },
    "node_modules/json-schema": {
      "version": "0.4.0",
      "resolved": "https://registry.npmjs.org/json-schema/-/json-schema-0.4.0.tgz",
      "integrity": "sha512-es94M3nTIfsEPisRafak+HDLfHXnKBhV3vU5eqPcS3flIWqcxJWgXHXiey3YrpaNsanY5ei1VoYEbOzijuq9BA==",
      "license": "(AFL-2.1 OR BSD-3-Clause)"
    },
    "node_modules/ts-custom-error": {
      "version": "3.3.1",
      "resolved": "https://registry.npmjs.org/ts-custom-error/-/ts-custom-error-3.3.1.tgz",
      "integrity": "sha512-5OX1tzOjxWEgsr/YEUWSuPrQ00deKLh6D7OTWcvNHm12/7QPyRh8SYpyWvA4IZv8H/+GQWQEh/kwo95Q9OVW1A==",
      "dev": true,
      "license": "MIT",
      "peer": true,
      "engines": {
        "node": ">=14.0.0"
      }
    },
    "node_modules/zod": {
      "version": "4.4.3",
      "resolved": "https://registry.npmjs.org/zod/-/zod-4.4.3.tgz",
      "integrity": "sha512-ytENFjIJFl2UwYglde2jchW2Hwm4GJFLDiSXWdTrJQBIN9Fcyp7n4DhxJEiWNAJMV1/BqWfW/kkg71UDcHJyTQ==",
      "license": "MIT",
      "funding": {
        "url": "https://github.com/sponsors/colinhacks"
      }
    }
  }
}
